# This file is autogenerated, do not edit; changes may be undone by the next 'dep ensure'.


[[projects]]
  branch = "master"
  name = "github.com/shopspring/decimal"
  packages = ["."]
  revision = "9ca7f51822d222ae4e246f070f9aad863599bd1a"

[solve-meta]
  analyzer-name = "dep"
  analyzer-version = 1
  inputs-digest = "4611a9f68c8cdc0ab3ca83d01aa2e24d70c3a170fca0ec25e50b0669cdad6e4e"
  solver-name = "gps-cdcl"
  solver-version = 1
